{
  "nodes": {
    "darwin": {
      "inputs": {
        "nixpkgs": [
          "nixpkgs"
        ]
      },
      "locked": {
        "lastModified": 1641152326,
        "narHash": "sha256-yQXzXrjrilGzBjC+2kZVPZRgBPSdCLovSLmJ7Na7EDo=",
        "owner": "lnl7",
        "repo": "nix-darwin",
        "rev": "15635ae63878b83598a18ae421e8c819b691dc55",
        "type": "github"
      },
      "original": {
        "owner": "lnl7",
        "ref": "master",
        "repo": "nix-darwin",
        "type": "github"
      }
    },
    "home-manager": {
      "inputs": {
        "nixpkgs": "nixpkgs"
      },
      "locked": {
        "lastModified": 1641937533,
        "narHash": "sha256-IJbR1nNV6v/ruWv9iUFi9/qa8tFLmMhbVjzvhSWCWJY=",
        "owner": "nix-community",
        "repo": "home-manager",
        "rev": "d07df8d9a80a4a34ea881bee7860ae437c5d44a5",
        "type": "github"
      },
      "original": {
        "owner": "nix-community",
        "repo": "home-manager",
        "type": "github"
      }
    },
    "nixpkgs": {
      "locked": {
        "lastModified": 1641969095,
        "narHash": "sha256-WCiFqG6+E5NmeI6xnw/fxuKHgdsfb8xjL8N9Gxu4/hU=",
        "owner": "NixOS",
        "repo": "nixpkgs",
        "rev": "b458e5133fba2c873649f071f7a8dfeae52ebd17",
        "type": "github"
      },
      "original": {
        "id": "nixpkgs",
        "type": "indirect"
      }
    },
    "nixpkgs_2": {
      "locked": {
        "lastModified": 1649673231,
        "narHash": "sha256-1T3AFscfS7s9pkFA+UIDrHH3/RLVjRdYs5ImuLYpOlE=",
        "owner": "nixos",
        "repo": "nixpkgs",
        "rev": "33772708c6d0e33f697426ba386aa0149cbcbecb",
        "type": "github"
      },
      "original": {
        "owner": "nixos",
        "ref": "nixos-unstable",
        "repo": "nixpkgs",
        "type": "github"
      }
    },
    "nur": {
      "locked": {
        "lastModified": 1642099261,
        "narHash": "sha256-bk3ZOx/7/GKwt5Hk0lJQw2Y0MFVlzbzp9/foHl5DF4I=",
        "owner": "nix-community",
        "repo": "NUR",
        "rev": "cb536c9850018c0aef5347b49146f2923ae9c174",
        "type": "github"
      },
      "original": {
        "owner": "nix-community",
        "repo": "NUR",
        "type": "github"
      }
    },
    "root": {
      "inputs": {
        "darwin": "darwin",
        "home-manager": "home-manager",
        "nixpkgs": "nixpkgs_2",
        "nur": "nur"
      }
    }
  },
  "root": "root",
  "version": 7
}
